
Microsoft Visual Studio Solution File, Format Version 12.00
# Visual Studio Version 17
VisualStudioVersion = 17.14.36915.13 d17.14
MinimumVisualStudioVersion = 10.0.40219.1
Project("{FAE04EC0-301F-11D3-BF4B-00C04F79EFBC}") = "BowlingApp.API", "BowlingApp.API.csproj", "{97E23F69-911D-080F-AFD8-8C7E3C724E0F}"
EndProject
Global
	GlobalSection(SolutionConfigurationPlatforms) = preSolution
		Debug|Any CPU = Debug|Any CPU
		Release|Any CPU = Release|Any CPU
	EndGlobalSection
	GlobalSection(ProjectConfigurationPlatforms) = postSolution
		{97E23F69-911D-080F-AFD8-8C7E3C724E0F}.Debug|Any CPU.ActiveCfg = Debug|Any CPU
		{97E23F69-911D-080F-AFD8-8C7E3C724E0F}.Debug|Any CPU.Build.0 = Debug|Any CPU
		{97E23F69-911D-080F-AFD8-8C7E3C724E0F}.Release|Any CPU.ActiveCfg = Release|Any CPU
		{97E23F69-911D-080F-AFD8-8C7E3C724E0F}.Release|Any CPU.Build.0 = Release|Any CPU
	EndGlobalSection
	GlobalSection(SolutionProperties) = preSolution
		HideSolutionNode = FALSE
	EndGlobalSection
	GlobalSection(ExtensibilityGlobals) = postSolution
		SolutionGuid = {97FDA715-521F-4410-BE02-7BF67C458163}
	EndGlobalSection
EndGlobal
